
Microsoft Visual Studio Solution File, Format Version 12.00
# Visual Studio Version 17
VisualStudioVersion = 17.1.32228.430
MinimumVisualStudioVersion = 10.0.40219.1
Project("{FAE04EC0-301F-11D3-BF4B-00C04F79EFBC}") = "Projeto01_Modulo04_ConstrutorDefault", "Projeto01_Modulo04_ConstrutorDefault\Projeto01_Modulo04_ConstrutorDefault.csproj", "{28B538FA-B200-4908-B955-49D981BBA85C}"
EndProject
Project("{FAE04EC0-301F-11D3-BF4B-00C04F79EFBC}") = "Projeto02_Modulo04_ConstrutorPersonalizado", "Projeto02_Modulo04_ConstrutorPersonalizado\Projeto02_Modulo04_ConstrutorPersonalizado.csproj", "{E9BAF1A7-91D7-4850-AC17-7D4D8EC8E280}"
EndProject
Global
	GlobalSection(SolutionConfigurationPlatforms) = preSolution
		Debug|Any CPU = Debug|Any CPU
		Release|Any CPU = Release|Any CPU
	EndGlobalSection
	GlobalSection(ProjectConfigurationPlatforms) = postSolution
		{28B538FA-B200-4908-B955-49D981BBA85C}.Debug|Any CPU.ActiveCfg = Debug|Any CPU
		{28B538FA-B200-4908-B955-49D981BBA85C}.Debug|Any CPU.Build.0 = Debug|Any CPU
		{28B538FA-B200-4908-B955-49D981BBA85C}.Release|Any CPU.ActiveCfg = Release|Any CPU
		{28B538FA-B200-4908-B955-49D981BBA85C}.Release|Any CPU.Build.0 = Release|Any CPU
		{E9BAF1A7-91D7-4850-AC17-7D4D8EC8E280}.Debug|Any CPU.ActiveCfg = Debug|Any CPU
		{E9BAF1A7-91D7-4850-AC17-7D4D8EC8E280}.Debug|Any CPU.Build.0 = Debug|Any CPU
		{E9BAF1A7-91D7-4850-AC17-7D4D8EC8E280}.Release|Any CPU.ActiveCfg = Release|Any CPU
		{E9BAF1A7-91D7-4850-AC17-7D4D8EC8E280}.Release|Any CPU.Build.0 = Release|Any CPU
	EndGlobalSection
	GlobalSection(SolutionProperties) = preSolution
		HideSolutionNode = FALSE
	EndGlobalSection
	GlobalSection(ExtensibilityGlobals) = postSolution
		SolutionGuid = {C6D7155C-61CE-4A66-A1FD-3A8B7817AC34}
	EndGlobalSection
EndGlobal
