
Microsoft Visual Studio Solution File, Format Version 12.00
# Visual Studio Version 17
VisualStudioVersion = 17.1.32228.430
MinimumVisualStudioVersion = 10.0.40219.1
Project("{9A19103F-16F7-4668-BE54-9A1E7A4F7556}") = "Projeto03_Polimorfismo", "Projeto03_Polimorfismo.csproj", "{09E6C400-63EA-43AB-A4C3-312D5089E996}"
EndProject
Project("{9A19103F-16F7-4668-BE54-9A1E7A4F7556}") = "Projeto04_ClassesAbstratas", "..\Projeto04_ClassesAbstratas\Projeto04_ClassesAbstratas.csproj", "{525F8932-A364-4BA1-8333-F98F8A6910A8}"
EndProject
Project("{9A19103F-16F7-4668-BE54-9A1E7A4F7556}") = "Projeto05_ClassesSealed", "..\Projeto05_ClassesSealed\Projeto05_ClassesSealed.csproj", "{9B0ECD9C-6D1C-4414-AA10-51516FA82C31}"
EndProject
Project("{FAE04EC0-301F-11D3-BF4B-00C04F79EFBC}") = "Projeto06_ClassesEstaticas", "..\Projeto06_ClassesEstaticas\Projeto06_ClassesEstaticas.csproj", "{40BA0989-83DA-43F8-B05A-65E172A90DCE}"
EndProject
Global
	GlobalSection(SolutionConfigurationPlatforms) = preSolution
		Debug|Any CPU = Debug|Any CPU
		Release|Any CPU = Release|Any CPU
	EndGlobalSection
	GlobalSection(ProjectConfigurationPlatforms) = postSolution
		{09E6C400-63EA-43AB-A4C3-312D5089E996}.Debug|Any CPU.ActiveCfg = Debug|Any CPU
		{09E6C400-63EA-43AB-A4C3-312D5089E996}.Debug|Any CPU.Build.0 = Debug|Any CPU
		{09E6C400-63EA-43AB-A4C3-312D5089E996}.Release|Any CPU.ActiveCfg = Release|Any CPU
		{09E6C400-63EA-43AB-A4C3-312D5089E996}.Release|Any CPU.Build.0 = Release|Any CPU
		{525F8932-A364-4BA1-8333-F98F8A6910A8}.Debug|Any CPU.ActiveCfg = Debug|Any CPU
		{525F8932-A364-4BA1-8333-F98F8A6910A8}.Debug|Any CPU.Build.0 = Debug|Any CPU
		{525F8932-A364-4BA1-8333-F98F8A6910A8}.Release|Any CPU.ActiveCfg = Release|Any CPU
		{525F8932-A364-4BA1-8333-F98F8A6910A8}.Release|Any CPU.Build.0 = Release|Any CPU
		{9B0ECD9C-6D1C-4414-AA10-51516FA82C31}.Debug|Any CPU.ActiveCfg = Debug|Any CPU
		{9B0ECD9C-6D1C-4414-AA10-51516FA82C31}.Debug|Any CPU.Build.0 = Debug|Any CPU
		{9B0ECD9C-6D1C-4414-AA10-51516FA82C31}.Release|Any CPU.ActiveCfg = Release|Any CPU
		{9B0ECD9C-6D1C-4414-AA10-51516FA82C31}.Release|Any CPU.Build.0 = Release|Any CPU
		{40BA0989-83DA-43F8-B05A-65E172A90DCE}.Debug|Any CPU.ActiveCfg = Debug|Any CPU
		{40BA0989-83DA-43F8-B05A-65E172A90DCE}.Debug|Any CPU.Build.0 = Debug|Any CPU
		{40BA0989-83DA-43F8-B05A-65E172A90DCE}.Release|Any CPU.ActiveCfg = Release|Any CPU
		{40BA0989-83DA-43F8-B05A-65E172A90DCE}.Release|Any CPU.Build.0 = Release|Any CPU
	EndGlobalSection
	GlobalSection(SolutionProperties) = preSolution
		HideSolutionNode = FALSE
	EndGlobalSection
	GlobalSection(ExtensibilityGlobals) = postSolution
		SolutionGuid = {957201E5-817C-49E9-A3F2-BEECB15EEED9}
	EndGlobalSection
EndGlobal
