
Microsoft Visual Studio Solution File, Format Version 12.00
# Visual Studio Version 17
VisualStudioVersion = 17.1.32228.430
MinimumVisualStudioVersion = 10.0.40219.1
Project("{9A19103F-16F7-4668-BE54-9A1E7A4F7556}") = "Projeto01_Array", "Projeto01_Array\Projeto01_Array.csproj", "{0A3171B3-A955-4341-A06A-C41E1BE19669}"
EndProject
Project("{FAE04EC0-301F-11D3-BF4B-00C04F79EFBC}") = "Projeto02_ArrayLista", "Projeto02_ArrayLista\Projeto02_ArrayLista.csproj", "{C1034AB9-7D48-4406-B737-48A6D1A05721}"
EndProject
Project("{FAE04EC0-301F-11D3-BF4B-00C04F79EFBC}") = "Projeto03Stack", "Projeto03Stack\Projeto03Stack.csproj", "{B84084A2-5740-4518-ACCA-577CD5B1A672}"
EndProject
Project("{FAE04EC0-301F-11D3-BF4B-00C04F79EFBC}") = "Projeto04_Queue", "Projeto04_Queue\Projeto04_Queue.csproj", "{18F88579-86C2-4B5B-832B-3FD0D976A8A3}"
EndProject
Global
	GlobalSection(SolutionConfigurationPlatforms) = preSolution
		Debug|Any CPU = Debug|Any CPU
		Release|Any CPU = Release|Any CPU
	EndGlobalSection
	GlobalSection(ProjectConfigurationPlatforms) = postSolution
		{0A3171B3-A955-4341-A06A-C41E1BE19669}.Debug|Any CPU.ActiveCfg = Debug|Any CPU
		{0A3171B3-A955-4341-A06A-C41E1BE19669}.Debug|Any CPU.Build.0 = Debug|Any CPU
		{0A3171B3-A955-4341-A06A-C41E1BE19669}.Release|Any CPU.ActiveCfg = Release|Any CPU
		{0A3171B3-A955-4341-A06A-C41E1BE19669}.Release|Any CPU.Build.0 = Release|Any CPU
		{C1034AB9-7D48-4406-B737-48A6D1A05721}.Debug|Any CPU.ActiveCfg = Debug|Any CPU
		{C1034AB9-7D48-4406-B737-48A6D1A05721}.Debug|Any CPU.Build.0 = Debug|Any CPU
		{C1034AB9-7D48-4406-B737-48A6D1A05721}.Release|Any CPU.ActiveCfg = Release|Any CPU
		{C1034AB9-7D48-4406-B737-48A6D1A05721}.Release|Any CPU.Build.0 = Release|Any CPU
		{B84084A2-5740-4518-ACCA-577CD5B1A672}.Debug|Any CPU.ActiveCfg = Debug|Any CPU
		{B84084A2-5740-4518-ACCA-577CD5B1A672}.Debug|Any CPU.Build.0 = Debug|Any CPU
		{B84084A2-5740-4518-ACCA-577CD5B1A672}.Release|Any CPU.ActiveCfg = Release|Any CPU
		{B84084A2-5740-4518-ACCA-577CD5B1A672}.Release|Any CPU.Build.0 = Release|Any CPU
		{18F88579-86C2-4B5B-832B-3FD0D976A8A3}.Debug|Any CPU.ActiveCfg = Debug|Any CPU
		{18F88579-86C2-4B5B-832B-3FD0D976A8A3}.Debug|Any CPU.Build.0 = Debug|Any CPU
		{18F88579-86C2-4B5B-832B-3FD0D976A8A3}.Release|Any CPU.ActiveCfg = Release|Any CPU
		{18F88579-86C2-4B5B-832B-3FD0D976A8A3}.Release|Any CPU.Build.0 = Release|Any CPU
	EndGlobalSection
	GlobalSection(SolutionProperties) = preSolution
		HideSolutionNode = FALSE
	EndGlobalSection
	GlobalSection(ExtensibilityGlobals) = postSolution
		SolutionGuid = {162D2631-EC56-4992-980E-215872C69175}
	EndGlobalSection
EndGlobal
