
Microsoft Visual Studio Solution File, Format Version 12.00
# Visual Studio Version 17
VisualStudioVersion = 17.1.32228.430
MinimumVisualStudioVersion = 10.0.40219.1
Project("{FAE04EC0-301F-11D3-BF4B-00C04F79EFBC}") = "Projeto_01_Modulo03_Classes", "Projeto_01_Modulo03_Classes\Projeto_01_Modulo03_Classes.csproj", "{B39635A7-9907-40DA-ABC3-CF9C358AF77E}"
EndProject
Global
	GlobalSection(SolutionConfigurationPlatforms) = preSolution
		Debug|Any CPU = Debug|Any CPU
		Release|Any CPU = Release|Any CPU
	EndGlobalSection
	GlobalSection(ProjectConfigurationPlatforms) = postSolution
		{B39635A7-9907-40DA-ABC3-CF9C358AF77E}.Debug|Any CPU.ActiveCfg = Debug|Any CPU
		{B39635A7-9907-40DA-ABC3-CF9C358AF77E}.Debug|Any CPU.Build.0 = Debug|Any CPU
		{B39635A7-9907-40DA-ABC3-CF9C358AF77E}.Release|Any CPU.ActiveCfg = Release|Any CPU
		{B39635A7-9907-40DA-ABC3-CF9C358AF77E}.Release|Any CPU.Build.0 = Release|Any CPU
	EndGlobalSection
	GlobalSection(SolutionProperties) = preSolution
		HideSolutionNode = FALSE
	EndGlobalSection
	GlobalSection(ExtensibilityGlobals) = postSolution
		SolutionGuid = {5D1ED758-BFBD-4D9B-BEF9-E4B7EA417BAA}
	EndGlobalSection
EndGlobal
