
Microsoft Visual Studio Solution File, Format Version 12.00
# Visual Studio Version 17
VisualStudioVersion = 17.1.32228.430
MinimumVisualStudioVersion = 10.0.40219.1
Project("{FAE04EC0-301F-11D3-BF4B-00C04F79EFBC}") = "Projeto01_ProgramacaoAssincronaTask", "Projeto01_ProgramacaoAssincronaTask\Projeto01_ProgramacaoAssincronaTask.csproj", "{CB96EC57-903F-41FF-91BD-173C54177A38}"
EndProject
Project("{FAE04EC0-301F-11D3-BF4B-00C04F79EFBC}") = "Projeto02ProgramacaoAssincronaTask_Generico", "..\Projeto02ProgramacaoAssincronaTask_Generico\Projeto02ProgramacaoAssincronaTask_Generico.csproj", "{BDE1CAF2-2E81-4746-AF42-3FEFD3546F78}"
EndProject
Global
	GlobalSection(SolutionConfigurationPlatforms) = preSolution
		Debug|Any CPU = Debug|Any CPU
		Release|Any CPU = Release|Any CPU
	EndGlobalSection
	GlobalSection(ProjectConfigurationPlatforms) = postSolution
		{CB96EC57-903F-41FF-91BD-173C54177A38}.Debug|Any CPU.ActiveCfg = Debug|Any CPU
		{CB96EC57-903F-41FF-91BD-173C54177A38}.Debug|Any CPU.Build.0 = Debug|Any CPU
		{CB96EC57-903F-41FF-91BD-173C54177A38}.Release|Any CPU.ActiveCfg = Release|Any CPU
		{CB96EC57-903F-41FF-91BD-173C54177A38}.Release|Any CPU.Build.0 = Release|Any CPU
		{BDE1CAF2-2E81-4746-AF42-3FEFD3546F78}.Debug|Any CPU.ActiveCfg = Debug|Any CPU
		{BDE1CAF2-2E81-4746-AF42-3FEFD3546F78}.Debug|Any CPU.Build.0 = Debug|Any CPU
		{BDE1CAF2-2E81-4746-AF42-3FEFD3546F78}.Release|Any CPU.ActiveCfg = Release|Any CPU
		{BDE1CAF2-2E81-4746-AF42-3FEFD3546F78}.Release|Any CPU.Build.0 = Release|Any CPU
	EndGlobalSection
	GlobalSection(SolutionProperties) = preSolution
		HideSolutionNode = FALSE
	EndGlobalSection
	GlobalSection(ExtensibilityGlobals) = postSolution
		SolutionGuid = {A150CD48-7132-488D-AE7B-3550B7F2C494}
	EndGlobalSection
EndGlobal
